// !$*UTF8*$!
{
	archiveVersion = 1;
	classes = {
	};
	objectVersion = 46;
	objects = {

/* Begin PBXBuildFile section */
		372B4EC91CB7936D008AD22F /* FourthViewController.m in Sources */ = {isa = PBXBuildFile; fileRef = 372B4EC71CB7936D008AD22F /* FourthViewController.m */; };
		372B4ECA1CB7936D008AD22F /* FourthViewController.xib in Resources */ = {isa = PBXBuildFile; fileRef = 372B4EC81CB7936D008AD22F /* FourthViewController.xib */; };
		372C8598221FDBD60003DDBE /* UIViewController+TMNavigationBarView.m in Sources */ = {isa = PBXBuildFile; fileRef = 372C8597221FDBD60003DDBE /* UIViewController+TMNavigationBarView.m */; };
		373DAA452170DD79005F8659 /* tm_back@2x.png in Resources */ = {isa = PBXBuildFile; fileRef = 373DAA442170DD78005F8659 /* tm_back@2x.png */; };
		37406B1B1CAFA2C0009EFFF7 /* left@2x.png in Resources */ = {isa = PBXBuildFile; fileRef = 37406B1A1CAFA2C0009EFFF7 /* left@2x.png */; };
		37D29AD4221EBCAC00F84547 /* TMNavigationController.m in Sources */ = {isa = PBXBuildFile; fileRef = 37D29ACD221EBCAC00F84547 /* TMNavigationController.m */; };
		37D29AD6221EBCAC00F84547 /* TMNavigationBarView.m in Sources */ = {isa = PBXBuildFile; fileRef = 37D29AD1221EBCAC00F84547 /* TMNavigationBarView.m */; };
		37D373821C9BA345005EB8DD /* main.m in Sources */ = {isa = PBXBuildFile; fileRef = 37D373811C9BA345005EB8DD /* main.m */; };
		37D373851C9BA345005EB8DD /* AppDelegate.m in Sources */ = {isa = PBXBuildFile; fileRef = 37D373841C9BA345005EB8DD /* AppDelegate.m */; };
		37D373881C9BA345005EB8DD /* ViewController.m in Sources */ = {isa = PBXBuildFile; fileRef = 37D373871C9BA345005EB8DD /* ViewController.m */; };
		37D3738B1C9BA345005EB8DD /* Main.storyboard in Resources */ = {isa = PBXBuildFile; fileRef = 37D373891C9BA345005EB8DD /* Main.storyboard */; };
		37D3738D1C9BA345005EB8DD /* Assets.xcassets in Resources */ = {isa = PBXBuildFile; fileRef = 37D3738C1C9BA345005EB8DD /* Assets.xcassets */; };
		37D373901C9BA345005EB8DD /* LaunchScreen.storyboard in Resources */ = {isa = PBXBuildFile; fileRef = 37D3738E1C9BA345005EB8DD /* LaunchScreen.storyboard */; };
		37D3739B1C9BA346005EB8DD /* TMNavigationControllerTests.m in Sources */ = {isa = PBXBuildFile; fileRef = 37D3739A1C9BA346005EB8DD /* TMNavigationControllerTests.m */; };
		37D373A61C9BA346005EB8DD /* TMNavigationControllerUITests.m in Sources */ = {isa = PBXBuildFile; fileRef = 37D373A51C9BA346005EB8DD /* TMNavigationControllerUITests.m */; };
		37D373BC1C9BA5AA005EB8DD /* FirstViewController.m in Sources */ = {isa = PBXBuildFile; fileRef = 37D373BA1C9BA5AA005EB8DD /* FirstViewController.m */; };
		37D373BD1C9BA5AA005EB8DD /* FirstViewController.xib in Resources */ = {isa = PBXBuildFile; fileRef = 37D373BB1C9BA5AA005EB8DD /* FirstViewController.xib */; };
		37D373C71C9BA9AB005EB8DD /* 1@2x.gif in Resources */ = {isa = PBXBuildFile; fileRef = 37D373C61C9BA9AB005EB8DD /* 1@2x.gif */; };
		37D373CB1C9BAD82005EB8DD /* SecondViewController.m in Sources */ = {isa = PBXBuildFile; fileRef = 37D373C91C9BAD82005EB8DD /* SecondViewController.m */; };
		37D373CC1C9BAD82005EB8DD /* SecondViewController.xib in Resources */ = {isa = PBXBuildFile; fileRef = 37D373CA1C9BAD82005EB8DD /* SecondViewController.xib */; };
		37D373D01C9BAE5A005EB8DD /* ThirdViewController.m in Sources */ = {isa = PBXBuildFile; fileRef = 37D373CE1C9BAE5A005EB8DD /* ThirdViewController.m */; };
		37D373D11C9BAE5A005EB8DD /* ThirdViewController.xib in Resources */ = {isa = PBXBuildFile; fileRef = 37D373CF1C9BAE5A005EB8DD /* ThirdViewController.xib */; };
		37FB710B1C9EC14400BCAE54 /* 2@2x.png in Resources */ = {isa = PBXBuildFile; fileRef = 37FB710A1C9EC14400BCAE54 /* 2@2x.png */; };
		86C5C265B49C6B7595528295 /* libPods-TMNavigationController.a in Frameworks */ = {isa = PBXBuildFile; fileRef = FB816464D0B5765D808A6320 /* libPods-TMNavigationController.a */; };
/* End PBXBuildFile section */

/* Begin PBXContainerItemProxy section */
		37D373971C9BA346005EB8DD /* PBXContainerItemProxy */ = {
			isa = PBXContainerItemProxy;
			containerPortal = 37D373751C9BA345005EB8DD /* Project object */;
			proxyType = 1;
			remoteGlobalIDString = 37D3737C1C9BA345005EB8DD;
			remoteInfo = TMNavigationController;
		};
		37D373A21C9BA346005EB8DD /* PBXContainerItemProxy */ = {
			isa = PBXContainerItemProxy;
			containerPortal = 37D373751C9BA345005EB8DD /* Project object */;
			proxyType = 1;
			remoteGlobalIDString = 37D3737C1C9BA345005EB8DD;
			remoteInfo = TMNavigationController;
		};
/* End PBXContainerItemProxy section */

/* Begin PBXFileReference section */
		372B4EC61CB7936D008AD22F /* FourthViewController.h */ = {isa = PBXFileReference; fileEncoding = 4; lastKnownFileType = sourcecode.c.h; path = FourthViewController.h; sourceTree = "<group>"; };
		372B4EC71CB7936D008AD22F /* FourthViewController.m */ = {isa = PBXFileReference; fileEncoding = 4; lastKnownFileType = sourcecode.c.objc; path = FourthViewController.m; sourceTree = "<group>"; };
		372B4EC81CB7936D008AD22F /* FourthViewController.xib */ = {isa = PBXFileReference; fileEncoding = 4; lastKnownFileType = file.xib; path = FourthViewController.xib; sourceTree = "<group>"; };
		372C8596221FDBD60003DDBE /* UIViewController+TMNavigationBarView.h */ = {isa = PBXFileReference; lastKnownFileType = sourcecode.c.h; path = "UIViewController+TMNavigationBarView.h"; sourceTree = "<group>"; };
		372C8597221FDBD60003DDBE /* UIViewController+TMNavigationBarView.m */ = {isa = PBXFileReference; lastKnownFileType = sourcecode.c.objc; path = "UIViewController+TMNavigationBarView.m"; sourceTree = "<group>"; };
		373DAA442170DD78005F8659 /* tm_back@2x.png */ = {isa = PBXFileReference; lastKnownFileType = image.png; path = "tm_back@2x.png"; sourceTree = "<group>"; };
		37406B1A1CAFA2C0009EFFF7 /* left@2x.png */ = {isa = PBXFileReference; lastKnownFileType = image.png; path = "left@2x.png"; sourceTree = "<group>"; };
		37D29ACD221EBCAC00F84547 /* TMNavigationController.m */ = {isa = PBXFileReference; fileEncoding = 4; lastKnownFileType = sourcecode.c.objc; path = TMNavigationController.m; sourceTree = "<group>"; };
		37D29ACF221EBCAC00F84547 /* TMNavigationBarView.h */ = {isa = PBXFileReference; fileEncoding = 4; lastKnownFileType = sourcecode.c.h; path = TMNavigationBarView.h; sourceTree = "<group>"; };
		37D29AD0221EBCAC00F84547 /* Macro.h */ = {isa = PBXFileReference; fileEncoding = 4; lastKnownFileType = sourcecode.c.h; path = Macro.h; sourceTree = "<group>"; };
		37D29AD1221EBCAC00F84547 /* TMNavigationBarView.m */ = {isa = PBXFileReference; fileEncoding = 4; lastKnownFileType = sourcecode.c.objc; path = TMNavigationBarView.m; sourceTree = "<group>"; };
		37D29AD3221EBCAC00F84547 /* TMNavigationController.h */ = {isa = PBXFileReference; fileEncoding = 4; lastKnownFileType = sourcecode.c.h; path = TMNavigationController.h; sourceTree = "<group>"; };
		37D3737D1C9BA345005EB8DD /* TMNavigationController.app */ = {isa = PBXFileReference; explicitFileType = wrapper.application; includeInIndex = 0; path = TMNavigationController.app; sourceTree = BUILT_PRODUCTS_DIR; };
		37D373811C9BA345005EB8DD /* main.m */ = {isa = PBXFileReference; lastKnownFileType = sourcecode.c.objc; path = main.m; sourceTree = "<group>"; };
		37D373831C9BA345005EB8DD /* AppDelegate.h */ = {isa = PBXFileReference; lastKnownFileType = sourcecode.c.h; path = AppDelegate.h; sourceTree = "<group>"; };
		37D373841C9BA345005EB8DD /* AppDelegate.m */ = {isa = PBXFileReference; lastKnownFileType = sourcecode.c.objc; path = AppDelegate.m; sourceTree = "<group>"; };
		37D373861C9BA345005EB8DD /* ViewController.h */ = {isa = PBXFileReference; lastKnownFileType = sourcecode.c.h; path = ViewController.h; sourceTree = "<group>"; };
		37D373871C9BA345005EB8DD /* ViewController.m */ = {isa = PBXFileReference; lastKnownFileType = sourcecode.c.objc; path = ViewController.m; sourceTree = "<group>"; };
		37D3738A1C9BA345005EB8DD /* Base */ = {isa = PBXFileReference; lastKnownFileType = file.storyboard; name = Base; path = Base.lproj/Main.storyboard; sourceTree = "<group>"; };
		37D3738C1C9BA345005EB8DD /* Assets.xcassets */ = {isa = PBXFileReference; lastKnownFileType = folder.assetcatalog; path = Assets.xcassets; sourceTree = "<group>"; };
		37D3738F1C9BA345005EB8DD /* Base */ = {isa = PBXFileReference; lastKnownFileType = file.storyboard; name = Base; path = Base.lproj/LaunchScreen.storyboard; sourceTree = "<group>"; };
		37D373911C9BA345005EB8DD /* Info.plist */ = {isa = PBXFileReference; lastKnownFileType = text.plist.xml; path = Info.plist; sourceTree = "<group>"; };
		37D373961C9BA346005EB8DD /* TMNavigationControllerTests.xctest */ = {isa = PBXFileReference; explicitFileType = wrapper.cfbundle; includeInIndex = 0; path = TMNavigationControllerTests.xctest; sourceTree = BUILT_PRODUCTS_DIR; };
		37D3739A1C9BA346005EB8DD /* TMNavigationControllerTests.m */ = {isa = PBXFileReference; lastKnownFileType = sourcecode.c.objc; path = TMNavigationControllerTests.m; sourceTree = "<group>"; };
		37D3739C1C9BA346005EB8DD /* Info.plist */ = {isa = PBXFileReference; lastKnownFileType = text.plist.xml; path = Info.plist; sourceTree = "<group>"; };
		37D373A11C9BA346005EB8DD /* TMNavigationControllerUITests.xctest */ = {isa = PBXFileReference; explicitFileType = wrapper.cfbundle; includeInIndex = 0; path = TMNavigationControllerUITests.xctest; sourceTree = BUILT_PRODUCTS_DIR; };
		37D373A51C9BA346005EB8DD /* TMNavigationControllerUITests.m */ = {isa = PBXFileReference; lastKnownFileType = sourcecode.c.objc; path = TMNavigationControllerUITests.m; sourceTree = "<group>"; };
		37D373A71C9BA346005EB8DD /* Info.plist */ = {isa = PBXFileReference; lastKnownFileType = text.plist.xml; path = Info.plist; sourceTree = "<group>"; };
		37D373B91C9BA5AA005EB8DD /* FirstViewController.h */ = {isa = PBXFileReference; fileEncoding = 4; lastKnownFileType = sourcecode.c.h; path = FirstViewController.h; sourceTree = "<group>"; };
		37D373BA1C9BA5AA005EB8DD /* FirstViewController.m */ = {isa = PBXFileReference; fileEncoding = 4; lastKnownFileType = sourcecode.c.objc; path = FirstViewController.m; sourceTree = "<group>"; };
		37D373BB1C9BA5AA005EB8DD /* FirstViewController.xib */ = {isa = PBXFileReference; fileEncoding = 4; lastKnownFileType = file.xib; path = FirstViewController.xib; sourceTree = "<group>"; };
		37D373C61C9BA9AB005EB8DD /* 1@2x.gif */ = {isa = PBXFileReference; lastKnownFileType = image.gif; path = "1@2x.gif"; sourceTree = "<group>"; };
		37D373C81C9BAD82005EB8DD /* SecondViewController.h */ = {isa = PBXFileReference; fileEncoding = 4; lastKnownFileType = sourcecode.c.h; path = SecondViewController.h; sourceTree = "<group>"; };
		37D373C91C9BAD82005EB8DD /* SecondViewController.m */ = {isa = PBXFileReference; fileEncoding = 4; lastKnownFileType = sourcecode.c.objc; path = SecondViewController.m; sourceTree = "<group>"; };
		37D373CA1C9BAD82005EB8DD /* SecondViewController.xib */ = {isa = PBXFileReference; fileEncoding = 4; lastKnownFileType = file.xib; path = SecondViewController.xib; sourceTree = "<group>"; };
		37D373CD1C9BAE5A005EB8DD /* ThirdViewController.h */ = {isa = PBXFileReference; fileEncoding = 4; lastKnownFileType = sourcecode.c.h; path = ThirdViewController.h; sourceTree = "<group>"; };
		37D373CE1C9BAE5A005EB8DD /* ThirdViewController.m */ = {isa = PBXFileReference; fileEncoding = 4; lastKnownFileType = sourcecode.c.objc; path = ThirdViewController.m; sourceTree = "<group>"; };
		37D373CF1C9BAE5A005EB8DD /* ThirdViewController.xib */ = {isa = PBXFileReference; fileEncoding = 4; lastKnownFileType = file.xib; path = ThirdViewController.xib; sourceTree = "<group>"; };
		37FB710A1C9EC14400BCAE54 /* 2@2x.png */ = {isa = PBXFileReference; lastKnownFileType = image.png; path = "2@2x.png"; sourceTree = "<group>"; };
		89D812E627F54C7063236B13 /* Pods-TMNavigationController.debug.xcconfig */ = {isa = PBXFileReference; includeInIndex = 1; lastKnownFileType = text.xcconfig; name = "Pods-TMNavigationController.debug.xcconfig"; path = "Target Support Files/Pods-TMNavigationController/Pods-TMNavigationController.debug.xcconfig"; sourceTree = "<group>"; };
		D2D41A8377F51BD2318F17DA /* Pods-TMNavigationController.release.xcconfig */ = {isa = PBXFileReference; includeInIndex = 1; lastKnownFileType = text.xcconfig; name = "Pods-TMNavigationController.release.xcconfig"; path = "Target Support Files/Pods-TMNavigationController/Pods-TMNavigationController.release.xcconfig"; sourceTree = "<group>"; };
		FB816464D0B5765D808A6320 /* libPods-TMNavigationController.a */ = {isa = PBXFileReference; explicitFileType = archive.ar; includeInIndex = 0; path = "libPods-TMNavigationController.a"; sourceTree = BUILT_PRODUCTS_DIR; };
/* End PBXFileReference section */

/* Begin PBXFrameworksBuildPhase section */
		37D3737A1C9BA345005EB8DD /* Frameworks */ = {
			isa = PBXFrameworksBuildPhase;
			buildActionMask = 2147483647;
			files = (
				86C5C265B49C6B7595528295 /* libPods-TMNavigationController.a in Frameworks */,
			);
			runOnlyForDeploymentPostprocessing = 0;
		};
		37D373931C9BA346005EB8DD /* Frameworks */ = {
			isa = PBXFrameworksBuildPhase;
			buildActionMask = 2147483647;
			files = (
			);
			runOnlyForDeploymentPostprocessing = 0;
		};
		37D3739E1C9BA346005EB8DD /* Frameworks */ = {
			isa = PBXFrameworksBuildPhase;
			buildActionMask = 2147483647;
			files = (
			);
			runOnlyForDeploymentPostprocessing = 0;
		};
/* End PBXFrameworksBuildPhase section */

/* Begin PBXGroup section */
		03A366FFD01D70BF033B90F4 /* Pods */ = {
			isa = PBXGroup;
			children = (
				89D812E627F54C7063236B13 /* Pods-TMNavigationController.debug.xcconfig */,
				D2D41A8377F51BD2318F17DA /* Pods-TMNavigationController.release.xcconfig */,
			);
			path = Pods;
			sourceTree = "<group>";
		};
		37D29ACC221EBCAC00F84547 /* Classes */ = {
			isa = PBXGroup;
			children = (
				372C8596221FDBD60003DDBE /* UIViewController+TMNavigationBarView.h */,
				372C8597221FDBD60003DDBE /* UIViewController+TMNavigationBarView.m */,
				37D29ACF221EBCAC00F84547 /* TMNavigationBarView.h */,
				37D29AD1221EBCAC00F84547 /* TMNavigationBarView.m */,
				37D29AD3221EBCAC00F84547 /* TMNavigationController.h */,
				37D29ACD221EBCAC00F84547 /* TMNavigationController.m */,
				37D29AD0221EBCAC00F84547 /* Macro.h */,
			);
			path = Classes;
			sourceTree = "<group>";
		};
		37D373741C9BA345005EB8DD = {
			isa = PBXGroup;
			children = (
				37D3737F1C9BA345005EB8DD /* TMNavigationController */,
				37D373991C9BA346005EB8DD /* TMNavigationControllerTests */,
				37D373A41C9BA346005EB8DD /* TMNavigationControllerUITests */,
				37D3737E1C9BA345005EB8DD /* Products */,
				03A366FFD01D70BF033B90F4 /* Pods */,
				4B45F1171334894AB3F5C8C4 /* Frameworks */,
			);
			sourceTree = "<group>";
		};
		37D3737E1C9BA345005EB8DD /* Products */ = {
			isa = PBXGroup;
			children = (
				37D3737D1C9BA345005EB8DD /* TMNavigationController.app */,
				37D373961C9BA346005EB8DD /* TMNavigationControllerTests.xctest */,
				37D373A11C9BA346005EB8DD /* TMNavigationControllerUITests.xctest */,
			);
			name = Products;
			sourceTree = "<group>";
		};
		37D3737F1C9BA345005EB8DD /* TMNavigationController */ = {
			isa = PBXGroup;
			children = (
				37D29ACC221EBCAC00F84547 /* Classes */,
				37D373831C9BA345005EB8DD /* AppDelegate.h */,
				37D373841C9BA345005EB8DD /* AppDelegate.m */,
				37D373861C9BA345005EB8DD /* ViewController.h */,
				37D373871C9BA345005EB8DD /* ViewController.m */,
				37D373B91C9BA5AA005EB8DD /* FirstViewController.h */,
				37D373BA1C9BA5AA005EB8DD /* FirstViewController.m */,
				37D373BB1C9BA5AA005EB8DD /* FirstViewController.xib */,
				37D373C81C9BAD82005EB8DD /* SecondViewController.h */,
				37D373C91C9BAD82005EB8DD /* SecondViewController.m */,
				37D373CA1C9BAD82005EB8DD /* SecondViewController.xib */,
				37D373CD1C9BAE5A005EB8DD /* ThirdViewController.h */,
				37D373CE1C9BAE5A005EB8DD /* ThirdViewController.m */,
				37D373CF1C9BAE5A005EB8DD /* ThirdViewController.xib */,
				372B4EC61CB7936D008AD22F /* FourthViewController.h */,
				372B4EC71CB7936D008AD22F /* FourthViewController.m */,
				372B4EC81CB7936D008AD22F /* FourthViewController.xib */,
				37D373891C9BA345005EB8DD /* Main.storyboard */,
				37D3738C1C9BA345005EB8DD /* Assets.xcassets */,
				37D3738E1C9BA345005EB8DD /* LaunchScreen.storyboard */,
				37D373911C9BA345005EB8DD /* Info.plist */,
				37D373801C9BA345005EB8DD /* Supporting Files */,
			);
			path = TMNavigationController;
			sourceTree = "<group>";
		};
		37D373801C9BA345005EB8DD /* Supporting Files */ = {
			isa = PBXGroup;
			children = (
				373DAA442170DD78005F8659 /* tm_back@2x.png */,
				37406B1A1CAFA2C0009EFFF7 /* left@2x.png */,
				37FB710A1C9EC14400BCAE54 /* 2@2x.png */,
				37D373C61C9BA9AB005EB8DD /* 1@2x.gif */,
				37D373811C9BA345005EB8DD /* main.m */,
			);
			name = "Supporting Files";
			sourceTree = "<group>";
		};
		37D373991C9BA346005EB8DD /* TMNavigationControllerTests */ = {
			isa = PBXGroup;
			children = (
				37D3739A1C9BA346005EB8DD /* TMNavigationControllerTests.m */,
				37D3739C1C9BA346005EB8DD /* Info.plist */,
			);
			path = TMNavigationControllerTests;
			sourceTree = "<group>";
		};
		37D373A41C9BA346005EB8DD /* TMNavigationControllerUITests */ = {
			isa = PBXGroup;
			children = (
				37D373A51C9BA346005EB8DD /* TMNavigationControllerUITests.m */,
				37D373A71C9BA346005EB8DD /* Info.plist */,
			);
			path = TMNavigationControllerUITests;
			sourceTree = "<group>";
		};
		4B45F1171334894AB3F5C8C4 /* Frameworks */ = {
			isa = PBXGroup;
			children = (
				FB816464D0B5765D808A6320 /* libPods-TMNavigationController.a */,
			);
			name = Frameworks;
			sourceTree = "<group>";
		};
/* End PBXGroup section */

/* Begin PBXNativeTarget section */
		37D3737C1C9BA345005EB8DD /* TMNavigationController */ = {
			isa = PBXNativeTarget;
			buildConfigurationList = 37D373AA1C9BA346005EB8DD /* Build configuration list for PBXNativeTarget "TMNavigationController" */;
			buildPhases = (
				2E8DFA310269366688563E0B /* [CP] Check Pods Manifest.lock */,
				37D373791C9BA345005EB8DD /* Sources */,
				37D3737A1C9BA345005EB8DD /* Frameworks */,
				37D3737B1C9BA345005EB8DD /* Resources */,
			);
			buildRules = (
			);
			dependencies = (
			);
			name = TMNavigationController;
			productName = TMNavigationController;
			productReference = 37D3737D1C9BA345005EB8DD /* TMNavigationController.app */;
			productType = "com.apple.product-type.application";
		};
		37D373951C9BA346005EB8DD /* TMNavigationControllerTests */ = {
			isa = PBXNativeTarget;
			buildConfigurationList = 37D373AD1C9BA346005EB8DD /* Build configuration list for PBXNativeTarget "TMNavigationControllerTests" */;
			buildPhases = (
				37D373921C9BA346005EB8DD /* Sources */,
				37D373931C9BA346005EB8DD /* Frameworks */,
				37D373941C9BA346005EB8DD /* Resources */,
			);
			buildRules = (
			);
			dependencies = (
				37D373981C9BA346005EB8DD /* PBXTargetDependency */,
			);
			name = TMNavigationControllerTests;
			productName = TMNavigationControllerTests;
			productReference = 37D373961C9BA346005EB8DD /* TMNavigationControllerTests.xctest */;
			productType = "com.apple.product-type.bundle.unit-test";
		};
		37D373A01C9BA346005EB8DD /* TMNavigationControllerUITests */ = {
			isa = PBXNativeTarget;
			buildConfigurationList = 37D373B01C9BA346005EB8DD /* Build configuration list for PBXNativeTarget "TMNavigationControllerUITests" */;
			buildPhases = (
				37D3739D1C9BA346005EB8DD /* Sources */,
				37D3739E1C9BA346005EB8DD /* Frameworks */,
				37D3739F1C9BA346005EB8DD /* Resources */,
			);
			buildRules = (
			);
			dependencies = (
				37D373A31C9BA346005EB8DD /* PBXTargetDependency */,
			);
			name = TMNavigationControllerUITests;
			productName = TMNavigationControllerUITests;
			productReference = 37D373A11C9BA346005EB8DD /* TMNavigationControllerUITests.xctest */;
			productType = "com.apple.product-type.bundle.ui-testing";
		};
/* End PBXNativeTarget section */

/* Begin PBXProject section */
		37D373751C9BA345005EB8DD /* Project object */ = {
			isa = PBXProject;
			attributes = {
				LastUpgradeCheck = 0720;
				ORGANIZATIONNAME = TianMing;
				TargetAttributes = {
					37D3737C1C9BA345005EB8DD = {
						CreatedOnToolsVersion = 7.2.1;
						DevelopmentTeam = 3MGUNU3ZAJ;
					};
					37D373951C9BA346005EB8DD = {
						CreatedOnToolsVersion = 7.2.1;
						TestTargetID = 37D3737C1C9BA345005EB8DD;
					};
					37D373A01C9BA346005EB8DD = {
						CreatedOnToolsVersion = 7.2.1;
						TestTargetID = 37D3737C1C9BA345005EB8DD;
					};
				};
			};
			buildConfigurationList = 37D373781C9BA345005EB8DD /* Build configuration list for PBXProject "TMNavigationController" */;
			compatibilityVersion = "Xcode 3.2";
			developmentRegion = English;
			hasScannedForEncodings = 0;
			knownRegions = (
				English,
				en,
				Base,
			);
			mainGroup = 37D373741C9BA345005EB8DD;
			productRefGroup = 37D3737E1C9BA345005EB8DD /* Products */;
			projectDirPath = "";
			projectRoot = "";
			targets = (
				37D3737C1C9BA345005EB8DD /* TMNavigationController */,
				37D373951C9BA346005EB8DD /* TMNavigationControllerTests */,
				37D373A01C9BA346005EB8DD /* TMNavigationControllerUITests */,
			);
		};
/* End PBXProject section */

/* Begin PBXResourcesBuildPhase section */
		37D3737B1C9BA345005EB8DD /* Resources */ = {
			isa = PBXResourcesBuildPhase;
			buildActionMask = 2147483647;
			files = (
				37D373C71C9BA9AB005EB8DD /* 1@2x.gif in Resources */,
				37406B1B1CAFA2C0009EFFF7 /* left@2x.png in Resources */,
				372B4ECA1CB7936D008AD22F /* FourthViewController.xib in Resources */,
				37D373CC1C9BAD82005EB8DD /* SecondViewController.xib in Resources */,
				37D373D11C9BAE5A005EB8DD /* ThirdViewController.xib in Resources */,
				373DAA452170DD79005F8659 /* tm_back@2x.png in Resources */,
				37D373901C9BA345005EB8DD /* LaunchScreen.storyboard in Resources */,
				37FB710B1C9EC14400BCAE54 /* 2@2x.png in Resources */,
				37D373BD1C9BA5AA005EB8DD /* FirstViewController.xib in Resources */,
				37D3738D1C9BA345005EB8DD /* Assets.xcassets in Resources */,
				37D3738B1C9BA345005EB8DD /* Main.storyboard in Resources */,
			);
			runOnlyForDeploymentPostprocessing = 0;
		};
		37D373941C9BA346005EB8DD /* Resources */ = {
			isa = PBXResourcesBuildPhase;
			buildActionMask = 2147483647;
			files = (
			);
			runOnlyForDeploymentPostprocessing = 0;
		};
		37D3739F1C9BA346005EB8DD /* Resources */ = {
			isa = PBXResourcesBuildPhase;
			buildActionMask = 2147483647;
			files = (
			);
			runOnlyForDeploymentPostprocessing = 0;
		};
/* End PBXResourcesBuildPhase section */

/* Begin PBXShellScriptBuildPhase section */
		2E8DFA310269366688563E0B /* [CP] Check Pods Manifest.lock */ = {
			isa = PBXShellScriptBuildPhase;
			buildActionMask = 2147483647;
			files = (
			);
			inputFileListPaths = (
			);
			inputPaths = (
				"${PODS_PODFILE_DIR_PATH}/Podfile.lock",
				"${PODS_ROOT}/Manifest.lock",
			);
			name = "[CP] Check Pods Manifest.lock";
			outputFileListPaths = (
			);
			outputPaths = (
				"$(DERIVED_FILE_DIR)/Pods-TMNavigationController-checkManifestLockResult.txt",
			);
			runOnlyForDeploymentPostprocessing = 0;
			shellPath = /bin/sh;
			shellScript = "diff \"${PODS_PODFILE_DIR_PATH}/Podfile.lock\" \"${PODS_ROOT}/Manifest.lock\" > /dev/null\nif [ $? != 0 ] ; then\n    # print error to STDERR\n    echo \"error: The sandbox is not in sync with the Podfile.lock. Run 'pod install' or update your CocoaPods installation.\" >&2\n    exit 1\nfi\n# This output is used by Xcode 'outputs' to avoid re-running this script phase.\necho \"SUCCESS\" > \"${SCRIPT_OUTPUT_FILE_0}\"\n";
			showEnvVarsInLog = 0;
		};
/* End PBXShellScriptBuildPhase section */

/* Begin PBXSourcesBuildPhase section */
		37D373791C9BA345005EB8DD /* Sources */ = {
			isa = PBXSourcesBuildPhase;
			buildActionMask = 2147483647;
			files = (
				37D29AD4221EBCAC00F84547 /* TMNavigationController.m in Sources */,
				372B4EC91CB7936D008AD22F /* FourthViewController.m in Sources */,
				37D373CB1C9BAD82005EB8DD /* SecondViewController.m in Sources */,
				37D373881C9BA345005EB8DD /* ViewController.m in Sources */,
				372C8598221FDBD60003DDBE /* UIViewController+TMNavigationBarView.m in Sources */,
				37D373851C9BA345005EB8DD /* AppDelegate.m in Sources */,
				37D373BC1C9BA5AA005EB8DD /* FirstViewController.m in Sources */,
				37D29AD6221EBCAC00F84547 /* TMNavigationBarView.m in Sources */,
				37D373821C9BA345005EB8DD /* main.m in Sources */,
				37D373D01C9BAE5A005EB8DD /* ThirdViewController.m in Sources */,
			);
			runOnlyForDeploymentPostprocessing = 0;
		};
		37D373921C9BA346005EB8DD /* Sources */ = {
			isa = PBXSourcesBuildPhase;
			buildActionMask = 2147483647;
			files = (
				37D3739B1C9BA346005EB8DD /* TMNavigationControllerTests.m in Sources */,
			);
			runOnlyForDeploymentPostprocessing = 0;
		};
		37D3739D1C9BA346005EB8DD /* Sources */ = {
			isa = PBXSourcesBuildPhase;
			buildActionMask = 2147483647;
			files = (
				37D373A61C9BA346005EB8DD /* TMNavigationControllerUITests.m in Sources */,
			);
			runOnlyForDeploymentPostprocessing = 0;
		};
/* End PBXSourcesBuildPhase section */

/* Begin PBXTargetDependency section */
		37D373981C9BA346005EB8DD /* PBXTargetDependency */ = {
			isa = PBXTargetDependency;
			target = 37D3737C1C9BA345005EB8DD /* TMNavigationController */;
			targetProxy = 37D373971C9BA346005EB8DD /* PBXContainerItemProxy */;
		};
		37D373A31C9BA346005EB8DD /* PBXTargetDependency */ = {
			isa = PBXTargetDependency;
			target = 37D3737C1C9BA345005EB8DD /* TMNavigationController */;
			targetProxy = 37D373A21C9BA346005EB8DD /* PBXContainerItemProxy */;
		};
/* End PBXTargetDependency section */

/* Begin PBXVariantGroup section */
		37D373891C9BA345005EB8DD /* Main.storyboard */ = {
			isa = PBXVariantGroup;
			children = (
				37D3738A1C9BA345005EB8DD /* Base */,
			);
			name = Main.storyboard;
			sourceTree = "<group>";
		};
		37D3738E1C9BA345005EB8DD /* LaunchScreen.storyboard */ = {
			isa = PBXVariantGroup;
			children = (
				37D3738F1C9BA345005EB8DD /* Base */,
			);
			name = LaunchScreen.storyboard;
			sourceTree = "<group>";
		};
/* End PBXVariantGroup section */

/* Begin XCBuildConfiguration section */
		37D373A81C9BA346005EB8DD /* Debug */ = {
			isa = XCBuildConfiguration;
			buildSettings = {
				ALWAYS_SEARCH_USER_PATHS = NO;
				CLANG_CXX_LANGUAGE_STANDARD = "gnu++0x";
				CLANG_CXX_LIBRARY = "libc++";
				CLANG_ENABLE_MODULES = YES;
				CLANG_ENABLE_OBJC_ARC = YES;
				CLANG_WARN_BOOL_CONVERSION = YES;
				CLANG_WARN_CONSTANT_CONVERSION = YES;
				CLANG_WARN_DIRECT_OBJC_ISA_USAGE = YES_ERROR;
				CLANG_WARN_EMPTY_BODY = YES;
				CLANG_WARN_ENUM_CONVERSION = YES;
				CLANG_WARN_INT_CONVERSION = YES;
				CLANG_WARN_OBJC_ROOT_CLASS = YES_ERROR;
				CLANG_WARN_UNREACHABLE_CODE = YES;
				CLANG_WARN__DUPLICATE_METHOD_MATCH = YES;
				"CODE_SIGN_IDENTITY[sdk=iphoneos*]" = "iPhone Developer";
				COPY_PHASE_STRIP = NO;
				DEBUG_INFORMATION_FORMAT = dwarf;
				ENABLE_STRICT_OBJC_MSGSEND = YES;
				ENABLE_TESTABILITY = YES;
				GCC_C_LANGUAGE_STANDARD = gnu99;
				GCC_DYNAMIC_NO_PIC = NO;
				GCC_NO_COMMON_BLOCKS = YES;
				GCC_OPTIMIZATION_LEVEL = 0;
				GCC_PREPROCESSOR_DEFINITIONS = (
					"DEBUG=1",
					"$(inherited)",
				);
				GCC_WARN_64_TO_32_BIT_CONVERSION = YES;
				GCC_WARN_ABOUT_RETURN_TYPE = YES_ERROR;
				GCC_WARN_UNDECLARED_SELECTOR = YES;
				GCC_WARN_UNINITIALIZED_AUTOS = YES_AGGRESSIVE;
				GCC_WARN_UNUSED_FUNCTION = YES;
				GCC_WARN_UNUSED_VARIABLE = YES;
				IPHONEOS_DEPLOYMENT_TARGET = 9.2;
				MTL_ENABLE_DEBUG_INFO = YES;
				ONLY_ACTIVE_ARCH = YES;
				SDKROOT = iphoneos;
				TARGETED_DEVICE_FAMILY = "1,2";
			};
			name = Debug;
		};
		37D373A91C9BA346005EB8DD /* Release */ = {
			isa = XCBuildConfiguration;
			buildSettings = {
				ALWAYS_SEARCH_USER_PATHS = NO;
				CLANG_CXX_LANGUAGE_STANDARD = "gnu++0x";
				CLANG_CXX_LIBRARY = "libc++";
				CLANG_ENABLE_MODULES = YES;
				CLANG_ENABLE_OBJC_ARC = YES;
				CLANG_WARN_BOOL_CONVERSION = YES;
				CLANG_WARN_CONSTANT_CONVERSION = YES;
				CLANG_WARN_DIRECT_OBJC_ISA_USAGE = YES_ERROR;
				CLANG_WARN_EMPTY_BODY = YES;
				CLANG_WARN_ENUM_CONVERSION = YES;
				CLANG_WARN_INT_CONVERSION = YES;
				CLANG_WARN_OBJC_ROOT_CLASS = YES_ERROR;
				CLANG_WARN_UNREACHABLE_CODE = YES;
				CLANG_WARN__DUPLICATE_METHOD_MATCH = YES;
				"CODE_SIGN_IDENTITY[sdk=iphoneos*]" = "iPhone Developer";
				COPY_PHASE_STRIP = NO;
				DEBUG_INFORMATION_FORMAT = "dwarf-with-dsym";
				ENABLE_NS_ASSERTIONS = NO;
				ENABLE_STRICT_OBJC_MSGSEND = YES;
				GCC_C_LANGUAGE_STANDARD = gnu99;
				GCC_NO_COMMON_BLOCKS = YES;
				GCC_WARN_64_TO_32_BIT_CONVERSION = YES;
				GCC_WARN_ABOUT_RETURN_TYPE = YES_ERROR;
				GCC_WARN_UNDECLARED_SELECTOR = YES;
				GCC_WARN_UNINITIALIZED_AUTOS = YES_AGGRESSIVE;
				GCC_WARN_UNUSED_FUNCTION = YES;
				GCC_WARN_UNUSED_VARIABLE = YES;
				IPHONEOS_DEPLOYMENT_TARGET = 9.2;
				MTL_ENABLE_DEBUG_INFO = NO;
				SDKROOT = iphoneos;
				TARGETED_DEVICE_FAMILY = "1,2";
				VALIDATE_PRODUCT = YES;
			};
			name = Release;
		};
		37D373AB1C9BA346005EB8DD /* Debug */ = {
			isa = XCBuildConfiguration;
			baseConfigurationReference = 89D812E627F54C7063236B13 /* Pods-TMNavigationController.debug.xcconfig */;
			buildSettings = {
				ASSETCATALOG_COMPILER_APPICON_NAME = AppIcon;
				DEVELOPMENT_TEAM = 3MGUNU3ZAJ;
				INFOPLIST_FILE = TMNavigationController/Info.plist;
				LD_RUNPATH_SEARCH_PATHS = "$(inherited) @executable_path/Frameworks";
				PRODUCT_BUNDLE_IDENTIFIER = com.tianming.TMNavigationController;
				PRODUCT_NAME = "$(TARGET_NAME)";
			};
			name = Debug;
		};
		37D373AC1C9BA346005EB8DD /* Release */ = {
			isa = XCBuildConfiguration;
			baseConfigurationReference = D2D41A8377F51BD2318F17DA /* Pods-TMNavigationController.release.xcconfig */;
			buildSettings = {
				ASSETCATALOG_COMPILER_APPICON_NAME = AppIcon;
				DEVELOPMENT_TEAM = 3MGUNU3ZAJ;
				INFOPLIST_FILE = TMNavigationController/Info.plist;
				LD_RUNPATH_SEARCH_PATHS = "$(inherited) @executable_path/Frameworks";
				PRODUCT_BUNDLE_IDENTIFIER = com.tianming.TMNavigationController;
				PRODUCT_NAME = "$(TARGET_NAME)";
			};
			name = Release;
		};
		37D373AE1C9BA346005EB8DD /* Debug */ = {
			isa = XCBuildConfiguration;
			buildSettings = {
				BUNDLE_LOADER = "$(TEST_HOST)";
				INFOPLIST_FILE = TMNavigationControllerTests/Info.plist;
				LD_RUNPATH_SEARCH_PATHS = "$(inherited) @executable_path/Frameworks @loader_path/Frameworks";
				PRODUCT_BUNDLE_IDENTIFIER = com.tianming.TMNavigationControllerTests;
				PRODUCT_NAME = "$(TARGET_NAME)";
				TEST_HOST = "$(BUILT_PRODUCTS_DIR)/TMNavigationController.app/TMNavigationController";
			};
			name = Debug;
		};
		37D373AF1C9BA346005EB8DD /* Release */ = {
			isa = XCBuildConfiguration;
			buildSettings = {
				BUNDLE_LOADER = "$(TEST_HOST)";
				INFOPLIST_FILE = TMNavigationControllerTests/Info.plist;
				LD_RUNPATH_SEARCH_PATHS = "$(inherited) @executable_path/Frameworks @loader_path/Frameworks";
				PRODUCT_BUNDLE_IDENTIFIER = com.tianming.TMNavigationControllerTests;
				PRODUCT_NAME = "$(TARGET_NAME)";
				TEST_HOST = "$(BUILT_PRODUCTS_DIR)/TMNavigationController.app/TMNavigationController";
			};
			name = Release;
		};
		37D373B11C9BA346005EB8DD /* Debug */ = {
			isa = XCBuildConfiguration;
			buildSettings = {
				INFOPLIST_FILE = TMNavigationControllerUITests/Info.plist;
				LD_RUNPATH_SEARCH_PATHS = "$(inherited) @executable_path/Frameworks @loader_path/Frameworks";
				PRODUCT_BUNDLE_IDENTIFIER = com.tianming.TMNavigationControllerUITests;
				PRODUCT_NAME = "$(TARGET_NAME)";
				TEST_TARGET_NAME = TMNavigationController;
				USES_XCTRUNNER = YES;
			};
			name = Debug;
		};
		37D373B21C9BA346005EB8DD /* Release */ = {
			isa = XCBuildConfiguration;
			buildSettings = {
				INFOPLIST_FILE = TMNavigationControllerUITests/Info.plist;
				LD_RUNPATH_SEARCH_PATHS = "$(inherited) @executable_path/Frameworks @loader_path/Frameworks";
				PRODUCT_BUNDLE_IDENTIFIER = com.tianming.TMNavigationControllerUITests;
				PRODUCT_NAME = "$(TARGET_NAME)";
				TEST_TARGET_NAME = TMNavigationController;
				USES_XCTRUNNER = YES;
			};
			name = Release;
		};
/* End XCBuildConfiguration section */

/* Begin XCConfigurationList section */
		37D373781C9BA345005EB8DD /* Build configuration list for PBXProject "TMNavigationController" */ = {
			isa = XCConfigurationList;
			buildConfigurations = (
				37D373A81C9BA346005EB8DD /* Debug */,
				37D373A91C9BA346005EB8DD /* Release */,
			);
			defaultConfigurationIsVisible = 0;
			defaultConfigurationName = Release;
		};
		37D373AA1C9BA346005EB8DD /* Build configuration list for PBXNativeTarget "TMNavigationController" */ = {
			isa = XCConfigurationList;
			buildConfigurations = (
				37D373AB1C9BA346005EB8DD /* Debug */,
				37D373AC1C9BA346005EB8DD /* Release */,
			);
			defaultConfigurationIsVisible = 0;
			defaultConfigurationName = Release;
		};
		37D373AD1C9BA346005EB8DD /* Build configuration list for PBXNativeTarget "TMNavigationControllerTests" */ = {
			isa = XCConfigurationList;
			buildConfigurations = (
				37D373AE1C9BA346005EB8DD /* Debug */,
				37D373AF1C9BA346005EB8DD /* Release */,
			);
			defaultConfigurationIsVisible = 0;
			defaultConfigurationName = Release;
		};
		37D373B01C9BA346005EB8DD /* Build configuration list for PBXNativeTarget "TMNavigationControllerUITests" */ = {
			isa = XCConfigurationList;
			buildConfigurations = (
				37D373B11C9BA346005EB8DD /* Debug */,
				37D373B21C9BA346005EB8DD /* Release */,
			);
			defaultConfigurationIsVisible = 0;
			defaultConfigurationName = Release;
		};
/* End XCConfigurationList section */
	};
	rootObject = 37D373751C9BA345005EB8DD /* Project object */;
}
